
Microsoft Visual Studio Solution File, Format Version 12.00
# Visual Studio Version 17
VisualStudioVersion = 17.10.35122.118
MinimumVisualStudioVersion = 10.0.40219.1
Project("{9A19103F-16F7-4668-BE54-9A1E7A4F7556}") = "WebCRUD", "WebCRUD\WebCRUD.csproj", "{117C8F20-B369-4BBE-A304-C9955E22D8E0}"
EndProject
Project("{FAE04EC0-301F-11D3-BF4B-00C04F79EFBC}") = "WebCRUDInfraStructure.cs", "WebCRUDInfraStructure.cs\WebCRUDInfraStructure.cs.csproj", "{243C06C3-F32D-4CC6-87F9-2004C2732642}"
EndProject
Project("{FAE04EC0-301F-11D3-BF4B-00C04F79EFBC}") = "WebCRUDCore.cs", "WebCRUDCore.cs\WebCRUDCore.cs.csproj", "{1C4C9769-0E8C-49D9-98DC-06AD3EFE9031}"
EndProject
Project("{FAE04EC0-301F-11D3-BF4B-00C04F79EFBC}") = "WebCRUDModel.cs", "WebCRUDModel.cs\WebCRUDModel.cs.csproj", "{79B27958-8023-4A6B-81B5-3798018F4B92}"
EndProject
Global
	GlobalSection(SolutionConfigurationPlatforms) = preSolution
		Debug|Any CPU = Debug|Any CPU
		Release|Any CPU = Release|Any CPU
	EndGlobalSection
	GlobalSection(ProjectConfigurationPlatforms) = postSolution
		{117C8F20-B369-4BBE-A304-C9955E22D8E0}.Debug|Any CPU.ActiveCfg = Debug|Any CPU
		{117C8F20-B369-4BBE-A304-C9955E22D8E0}.Debug|Any CPU.Build.0 = Debug|Any CPU
		{117C8F20-B369-4BBE-A304-C9955E22D8E0}.Release|Any CPU.ActiveCfg = Release|Any CPU
		{117C8F20-B369-4BBE-A304-C9955E22D8E0}.Release|Any CPU.Build.0 = Release|Any CPU
		{243C06C3-F32D-4CC6-87F9-2004C2732642}.Debug|Any CPU.ActiveCfg = Debug|Any CPU
		{243C06C3-F32D-4CC6-87F9-2004C2732642}.Debug|Any CPU.Build.0 = Debug|Any CPU
		{243C06C3-F32D-4CC6-87F9-2004C2732642}.Release|Any CPU.ActiveCfg = Release|Any CPU
		{243C06C3-F32D-4CC6-87F9-2004C2732642}.Release|Any CPU.Build.0 = Release|Any CPU
		{1C4C9769-0E8C-49D9-98DC-06AD3EFE9031}.Debug|Any CPU.ActiveCfg = Debug|Any CPU
		{1C4C9769-0E8C-49D9-98DC-06AD3EFE9031}.Debug|Any CPU.Build.0 = Debug|Any CPU
		{1C4C9769-0E8C-49D9-98DC-06AD3EFE9031}.Release|Any CPU.ActiveCfg = Release|Any CPU
		{1C4C9769-0E8C-49D9-98DC-06AD3EFE9031}.Release|Any CPU.Build.0 = Release|Any CPU
		{79B27958-8023-4A6B-81B5-3798018F4B92}.Debug|Any CPU.ActiveCfg = Debug|Any CPU
		{79B27958-8023-4A6B-81B5-3798018F4B92}.Debug|Any CPU.Build.0 = Debug|Any CPU
		{79B27958-8023-4A6B-81B5-3798018F4B92}.Release|Any CPU.ActiveCfg = Release|Any CPU
		{79B27958-8023-4A6B-81B5-3798018F4B92}.Release|Any CPU.Build.0 = Release|Any CPU
	EndGlobalSection
	GlobalSection(SolutionProperties) = preSolution
		HideSolutionNode = FALSE
	EndGlobalSection
	GlobalSection(ExtensibilityGlobals) = postSolution
		SolutionGuid = {7EC1A6F1-8D17-40E7-9E1D-8045BF49280E}
	EndGlobalSection
EndGlobal
